
Microsoft Visual Studio Solution File, Format Version 12.00
# Visual Studio 15
VisualStudioVersion = 15.0.27130.2024
MinimumVisualStudioVersion = 10.0.40219.1
Project("{FAE04EC0-301F-11D3-BF4B-00C04F79EFBC}") = "TestProject", "TestProject\TestProject.csproj", "{CE088F4D-2266-42FE-AD50-D8D730298070}"
EndProject
Project("{FAE04EC0-301F-11D3-BF4B-00C04F79EFBC}") = "RestClient", "RestClient\RestClient.csproj", "{77F09D1B-2B05-43D1-9C6A-E59AE4866A3C}"
EndProject
Project("{FAE04EC0-301F-11D3-BF4B-00C04F79EFBC}") = "Model", "Model\Model.csproj", "{B34F275D-84B7-4817-B5E9-07650F551E97}"
EndProject
Global
	GlobalSection(SolutionConfigurationPlatforms) = preSolution
		Debug|Any CPU = Debug|Any CPU
		Release|Any CPU = Release|Any CPU
	EndGlobalSection
	GlobalSection(ProjectConfigurationPlatforms) = postSolution
		{CE088F4D-2266-42FE-AD50-D8D730298070}.Debug|Any CPU.ActiveCfg = Debug|Any CPU
		{CE088F4D-2266-42FE-AD50-D8D730298070}.Debug|Any CPU.Build.0 = Debug|Any CPU
		{CE088F4D-2266-42FE-AD50-D8D730298070}.Release|Any CPU.ActiveCfg = Release|Any CPU
		{CE088F4D-2266-42FE-AD50-D8D730298070}.Release|Any CPU.Build.0 = Release|Any CPU
		{77F09D1B-2B05-43D1-9C6A-E59AE4866A3C}.Debug|Any CPU.ActiveCfg = Debug|Any CPU
		{77F09D1B-2B05-43D1-9C6A-E59AE4866A3C}.Debug|Any CPU.Build.0 = Debug|Any CPU
		{77F09D1B-2B05-43D1-9C6A-E59AE4866A3C}.Release|Any CPU.ActiveCfg = Release|Any CPU
		{77F09D1B-2B05-43D1-9C6A-E59AE4866A3C}.Release|Any CPU.Build.0 = Release|Any CPU
		{B34F275D-84B7-4817-B5E9-07650F551E97}.Debug|Any CPU.ActiveCfg = Debug|Any CPU
		{B34F275D-84B7-4817-B5E9-07650F551E97}.Debug|Any CPU.Build.0 = Debug|Any CPU
		{B34F275D-84B7-4817-B5E9-07650F551E97}.Release|Any CPU.ActiveCfg = Release|Any CPU
		{B34F275D-84B7-4817-B5E9-07650F551E97}.Release|Any CPU.Build.0 = Release|Any CPU
	EndGlobalSection
	GlobalSection(SolutionProperties) = preSolution
		HideSolutionNode = FALSE
	EndGlobalSection
	GlobalSection(ExtensibilityGlobals) = postSolution
		SolutionGuid = {56582935-0766-4F8D-9126-E862C824E3FB}
	EndGlobalSection
EndGlobal
